{
  "name": "simple-diff",
  "version": "0.0.1",
  "lockfileVersion": 1,
  "requires": true,
  "dependencies": {
    "@types/codemirror": {
      "version": "5.60.0",
      "resolved": "https://registry.npmjs.org/@types/codemirror/-/codemirror-5.60.0.tgz",
      "integrity": "sha512-xgzXZyCzedLRNC67/Nn8rpBtTFnAsX2C+Q/LGoH6zgcpF/LqdNHJMHEOhqT1bwUcSp6kQdOIuKzRbeW9DYhEhg==",
      "dev": true,
      "requires": {
        "@types/tern": "*"
      }
    },
    "@types/diff": {
      "version": "5.0.0",
      "resolved": "https://registry.npmjs.org/@types/diff/-/diff-5.0.0.tgz",
      "integrity": "sha512-jrm2K65CokCCX4NmowtA+MfXyuprZC13jbRuwprs6/04z/EcFg/MCwYdsHn+zgV4CQBiATiI7AEq7y1sZCtWKA==",
      "dev": true
    },
    "@types/estree": {
      "version": "0.0.47",
      "resolved": "https://registry.npmjs.org/@types/estree/-/estree-0.0.47.tgz",
      "integrity": "sha512-c5ciR06jK8u9BstrmJyO97m+klJrrhCf9u3rLu3DEAJBirxRqSCvDQoYKmxuYwQI5SZChAWu+tq9oVlGRuzPAg==",
      "dev": true
    },
    "@types/tern": {
      "version": "0.23.3",
      "resolved": "https://registry.npmjs.org/@types/tern/-/tern-0.23.3.tgz",
      "integrity": "sha512-imDtS4TAoTcXk0g7u4kkWqedB3E4qpjXzCpD2LU5M5NAXHzCDsypyvXSaG7mM8DKYkCRa7tFp4tS/lp/Wo7Q3w==",
      "dev": true,
      "requires": {
        "@types/estree": "*"
      }
    },
    "abbrev": {
      "version": "1.1.1",
      "resolved": "https://registry.npmjs.org/abbrev/-/abbrev-1.1.1.tgz",
      "integrity": "sha512-nne9/IiQ/hzIhY6pdDnbBtz7DjPTKrY00P/zvPSm5pOFkl6xuGrGnXn/VtTNNfNtAfZ9/1RtehkszU9qcTii0Q=="
    },
    "codemirror": {
      "version": "5.61.0",
      "resolved": "https://registry.npmjs.org/codemirror/-/codemirror-5.61.0.tgz",
      "integrity": "sha512-D3wYH90tYY1BsKlUe0oNj2JAhQ9TepkD51auk3N7q+4uz7A/cgJ5JsWHreT0PqieW1QhOuqxQ2reCXV1YXzecg=="
    },
    "diff": {
      "version": "5.0.0",
      "resolved": "https://registry.npmjs.org/diff/-/diff-5.0.0.tgz",
      "integrity": "sha512-/VTCrvm5Z0JGty/BWHljh+BAiw3IK+2j87NGMu8Nwc/f48WoDAC395uomO9ZD117ZOBaHmkX1oyLvkVM/aIT3w=="
    },
    "diff2html": {
      "version": "3.4.4",
      "resolved": "https://registry.npmjs.org/diff2html/-/diff2html-3.4.4.tgz",
      "integrity": "sha512-yAvhx2GbzzWCAWTepQJrdIPyrjL/29A5UepSAPwnHvwVB41N9oAMshonZmulrFFAFkDN8u9OHKKf/p3R06xuvQ==",
      "requires": {
        "diff": "5.0.0",
        "highlight.js": "10.7.2",
        "hogan.js": "3.0.2"
      },
      "dependencies": {
        "diff": {
          "version": "5.0.0",
          "resolved": "https://registry.npmjs.org/diff/-/diff-5.0.0.tgz",
          "integrity": "sha512-/VTCrvm5Z0JGty/BWHljh+BAiw3IK+2j87NGMu8Nwc/f48WoDAC395uomO9ZD117ZOBaHmkX1oyLvkVM/aIT3w=="
        }
      }
    },
    "esbuild": {
      "version": "0.11.23",
      "resolved": "https://registry.npmjs.org/esbuild/-/esbuild-0.11.23.tgz",
      "integrity": "sha512-iaiZZ9vUF5wJV8ob1tl+5aJTrwDczlvGP0JoMmnpC2B0ppiMCu8n8gmy5ZTGl5bcG081XBVn+U+jP+mPFm5T5Q==",
      "dev": true
    },
    "highlight.js": {
      "version": "10.7.2",
      "resolved": "https://registry.npmjs.org/highlight.js/-/highlight.js-10.7.2.tgz",
      "integrity": "sha512-oFLl873u4usRM9K63j4ME9u3etNF0PLiJhSQ8rdfuL51Wn3zkD6drf9ZW0dOzjnZI22YYG24z30JcmfCZjMgYg==",
      "optional": true
    },
    "hogan.js": {
      "version": "3.0.2",
      "resolved": "https://registry.npmjs.org/hogan.js/-/hogan.js-3.0.2.tgz",
      "integrity": "sha1-TNnhq9QpQUbnZ55B14mHMrAse/0=",
      "requires": {
        "mkdirp": "0.3.0",
        "nopt": "1.0.10"
      }
    },
    "mkdirp": {
      "version": "0.3.0",
      "resolved": "https://registry.npmjs.org/mkdirp/-/mkdirp-0.3.0.tgz",
      "integrity": "sha1-G79asbqCevI1dRQ0kEJkVfSB/h4="
    },
    "nopt": {
      "version": "1.0.10",
      "resolved": "https://registry.npmjs.org/nopt/-/nopt-1.0.10.tgz",
      "integrity": "sha1-bd0hvSoxQXuScn3Vhfim83YI6+4=",
      "requires": {
        "abbrev": "1"
      }
    },
    "typescript": {
      "version": "4.2.4",
      "resolved": "https://registry.npmjs.org/typescript/-/typescript-4.2.4.tgz",
      "integrity": "sha512-V+evlYHZnQkaz8TRBuxTA92yZBPotr5H+WhQ7bD3hZUndx5tGOa1fuCgeSjxAzM1RiN5IzvadIXTVefuuwZCRg==",
      "dev": true
    }
  }
}
